
Microsoft Visual Studio Solution File, Format Version 12.00
# Visual Studio Version 17
VisualStudioVersion = 17.3.32901.215
MinimumVisualStudioVersion = 10.0.40219.1
Project("{2150E333-8FDC-42A3-9474-1A3956D46DE8}") = "Leccion4ElementosDeConteo", "Leccion4ElementosDeConteo", "{2B0B52C7-EA34-4AED-96E2-932ED1862D86}"
EndProject
Project("{2150E333-8FDC-42A3-9474-1A3956D46DE8}") = "MaxContadores", "MaxContadores", "{2FB08538-2455-45D5-85F0-A49C563E9344}"
EndProject
Project("{2150E333-8FDC-42A3-9474-1A3956D46DE8}") = "MaxContadoresAlgoritmo", "MaxContadoresAlgoritmo", "{C2C9CCD7-D34A-4F0D-88B9-6CA63D4E5CE5}"
EndProject
Project("{2150E333-8FDC-42A3-9474-1A3956D46DE8}") = "MaxContadoresBiblioteca", "MaxContadoresBiblioteca", "{A8F08375-EF23-4545-9A4F-4364DCD1BC6C}"
EndProject
Project("{2150E333-8FDC-42A3-9474-1A3956D46DE8}") = "MaxContadoresPruebas", "MaxContadoresPruebas", "{FBC86FEC-1009-417A-89FA-F1BF6D8FC75E}"
EndProject
Project("{9A19103F-16F7-4668-BE54-9A1E7A4F7556}") = "MaxContadoresBiblioteca", "Leccion4ElementosDeConteo\MaxContadores\MaxContadoresBiblioteca\MaxContadoresBiblioteca.csproj", "{A0F13FE7-C165-444C-A390-A648C47ED461}"
EndProject
Project("{9A19103F-16F7-4668-BE54-9A1E7A4F7556}") = "MaxContadoresAlgoritmo", "Leccion4ElementosDeConteo\MaxContadores\MaxContadoresAlgoritmo\MaxContadoresAlgoritmo.csproj", "{9AE3F82B-FA29-4089-A0D3-06C5FDA3F7A6}"
EndProject
Project("{9A19103F-16F7-4668-BE54-9A1E7A4F7556}") = "MaxContadoresPruebas", "Leccion4ElementosDeConteo\MaxContadores\MaxContadoresPruebas\MaxContadoresPruebas.csproj", "{BB89D9E3-560D-4121-B1C5-7A517CE60806}"
EndProject
Project("{2150E333-8FDC-42A3-9474-1A3956D46DE8}") = "MissingInteger", "MissingInteger", "{FC32DE34-327C-493D-A256-0448A853A5BF}"
EndProject
Project("{2150E333-8FDC-42A3-9474-1A3956D46DE8}") = "MissingIntegerAlgoritm", "MissingIntegerAlgoritm", "{0B04E50D-5BF8-4CC1-AD58-D5DF0A97AF95}"
EndProject
Project("{2150E333-8FDC-42A3-9474-1A3956D46DE8}") = "MissingIntegerLibrary", "MissingIntegerLibrary", "{56077AD0-DCD7-44CA-ABE4-A94C06DD69DF}"
EndProject
Project("{2150E333-8FDC-42A3-9474-1A3956D46DE8}") = "MissingIntegerTest", "MissingIntegerTest", "{5C82FD23-DCF9-498A-84BE-4A7242B967F6}"
EndProject
Project("{9A19103F-16F7-4668-BE54-9A1E7A4F7556}") = "MissingIntegerLibrary", "Leccion4ElementosDeConteo\MissingInteger\MissingIntegerLibrary\MissingIntegerLibrary.csproj", "{8E4A26DA-81E8-4AF1-9E29-F3FC840315F3}"
EndProject
Project("{9A19103F-16F7-4668-BE54-9A1E7A4F7556}") = "MissingIntegerAlgoritm", "Leccion4ElementosDeConteo\MissingInteger\MissingIntegerAlgoritm\MissingIntegerAlgoritm.csproj", "{B5B095CF-4A83-40DA-AEBB-F02642849EF9}"
EndProject
Project("{9A19103F-16F7-4668-BE54-9A1E7A4F7556}") = "MissingIntegerTest", "Leccion4ElementosDeConteo\MissingInteger\MissingIntegerTest\MissingIntegerTest.csproj", "{6AA39623-ED3D-4B4A-B160-E712284D28AD}"
EndProject
Project("{2150E333-8FDC-42A3-9474-1A3956D46DE8}") = "Leccion5SumasDePrefijo", "Leccion5SumasDePrefijo", "{67B321FD-AC31-4FE4-A5C2-CF49D5DF07BB}"
EndProject
Project("{2150E333-8FDC-42A3-9474-1A3956D46DE8}") = "CountDiv", "CountDiv", "{442FA568-908B-4E5F-9C5D-2C8123C87E0E}"
EndProject
Project("{2150E333-8FDC-42A3-9474-1A3956D46DE8}") = "CountDivLibrary", "CountDivLibrary", "{6EDDAF0C-8903-4D7C-A426-FFD53C818D38}"
EndProject
Project("{2150E333-8FDC-42A3-9474-1A3956D46DE8}") = "CountDivTest", "CountDivTest", "{D7F21E03-7BC0-4EC3-9FFB-EEFBBFED17F4}"
EndProject
Project("{2150E333-8FDC-42A3-9474-1A3956D46DE8}") = "CountDivAlgoritm", "CountDivAlgoritm", "{BDA43876-4D52-4AB6-A5ED-8E68BBE44CF8}"
EndProject
Project("{9A19103F-16F7-4668-BE54-9A1E7A4F7556}") = "CountDivLibrary", "Leccion5SumasDePrefijo\CountDiv\CountDivLibrary\CountDivLibrary.csproj", "{F9B866BC-A773-43A1-B7BE-83958D69869C}"
EndProject
Project("{FAE04EC0-301F-11D3-BF4B-00C04F79EFBC}") = "CountDivTest", "Leccion5SumasDePrefijo\CountDiv\CountDivTest\CountDivTest.csproj", "{64112C0D-4106-4FE8-B80F-6669163F2BCD}"
EndProject
Project("{FAE04EC0-301F-11D3-BF4B-00C04F79EFBC}") = "CountDivAlgoritm", "Leccion5SumasDePrefijo\CountDiv\CountDivAlgoritm\CountDivAlgoritm.csproj", "{3A0F345D-6F7F-489F-9E26-30495CA90019}"
EndProject
Global
	GlobalSection(SolutionConfigurationPlatforms) = preSolution
		Debug|Any CPU = Debug|Any CPU
		Release|Any CPU = Release|Any CPU
	EndGlobalSection
	GlobalSection(ProjectConfigurationPlatforms) = postSolution
		{A0F13FE7-C165-444C-A390-A648C47ED461}.Debug|Any CPU.ActiveCfg = Debug|Any CPU
		{A0F13FE7-C165-444C-A390-A648C47ED461}.Debug|Any CPU.Build.0 = Debug|Any CPU
		{A0F13FE7-C165-444C-A390-A648C47ED461}.Release|Any CPU.ActiveCfg = Release|Any CPU
		{A0F13FE7-C165-444C-A390-A648C47ED461}.Release|Any CPU.Build.0 = Release|Any CPU
		{9AE3F82B-FA29-4089-A0D3-06C5FDA3F7A6}.Debug|Any CPU.ActiveCfg = Debug|Any CPU
		{9AE3F82B-FA29-4089-A0D3-06C5FDA3F7A6}.Debug|Any CPU.Build.0 = Debug|Any CPU
		{9AE3F82B-FA29-4089-A0D3-06C5FDA3F7A6}.Release|Any CPU.ActiveCfg = Release|Any CPU
		{9AE3F82B-FA29-4089-A0D3-06C5FDA3F7A6}.Release|Any CPU.Build.0 = Release|Any CPU
		{BB89D9E3-560D-4121-B1C5-7A517CE60806}.Debug|Any CPU.ActiveCfg = Debug|Any CPU
		{BB89D9E3-560D-4121-B1C5-7A517CE60806}.Debug|Any CPU.Build.0 = Debug|Any CPU
		{BB89D9E3-560D-4121-B1C5-7A517CE60806}.Release|Any CPU.ActiveCfg = Release|Any CPU
		{BB89D9E3-560D-4121-B1C5-7A517CE60806}.Release|Any CPU.Build.0 = Release|Any CPU
		{8E4A26DA-81E8-4AF1-9E29-F3FC840315F3}.Debug|Any CPU.ActiveCfg = Debug|Any CPU
		{8E4A26DA-81E8-4AF1-9E29-F3FC840315F3}.Debug|Any CPU.Build.0 = Debug|Any CPU
		{8E4A26DA-81E8-4AF1-9E29-F3FC840315F3}.Release|Any CPU.ActiveCfg = Release|Any CPU
		{8E4A26DA-81E8-4AF1-9E29-F3FC840315F3}.Release|Any CPU.Build.0 = Release|Any CPU
		{B5B095CF-4A83-40DA-AEBB-F02642849EF9}.Debug|Any CPU.ActiveCfg = Debug|Any CPU
		{B5B095CF-4A83-40DA-AEBB-F02642849EF9}.Debug|Any CPU.Build.0 = Debug|Any CPU
		{B5B095CF-4A83-40DA-AEBB-F02642849EF9}.Release|Any CPU.ActiveCfg = Release|Any CPU
		{B5B095CF-4A83-40DA-AEBB-F02642849EF9}.Release|Any CPU.Build.0 = Release|Any CPU
		{6AA39623-ED3D-4B4A-B160-E712284D28AD}.Debug|Any CPU.ActiveCfg = Debug|Any CPU
		{6AA39623-ED3D-4B4A-B160-E712284D28AD}.Debug|Any CPU.Build.0 = Debug|Any CPU
		{6AA39623-ED3D-4B4A-B160-E712284D28AD}.Release|Any CPU.ActiveCfg = Release|Any CPU
		{6AA39623-ED3D-4B4A-B160-E712284D28AD}.Release|Any CPU.Build.0 = Release|Any CPU
		{F9B866BC-A773-43A1-B7BE-83958D69869C}.Debug|Any CPU.ActiveCfg = Debug|Any CPU
		{F9B866BC-A773-43A1-B7BE-83958D69869C}.Debug|Any CPU.Build.0 = Debug|Any CPU
		{F9B866BC-A773-43A1-B7BE-83958D69869C}.Release|Any CPU.ActiveCfg = Release|Any CPU
		{F9B866BC-A773-43A1-B7BE-83958D69869C}.Release|Any CPU.Build.0 = Release|Any CPU
		{64112C0D-4106-4FE8-B80F-6669163F2BCD}.Debug|Any CPU.ActiveCfg = Debug|Any CPU
		{64112C0D-4106-4FE8-B80F-6669163F2BCD}.Debug|Any CPU.Build.0 = Debug|Any CPU
		{64112C0D-4106-4FE8-B80F-6669163F2BCD}.Release|Any CPU.ActiveCfg = Release|Any CPU
		{64112C0D-4106-4FE8-B80F-6669163F2BCD}.Release|Any CPU.Build.0 = Release|Any CPU
		{3A0F345D-6F7F-489F-9E26-30495CA90019}.Debug|Any CPU.ActiveCfg = Debug|Any CPU
		{3A0F345D-6F7F-489F-9E26-30495CA90019}.Debug|Any CPU.Build.0 = Debug|Any CPU
		{3A0F345D-6F7F-489F-9E26-30495CA90019}.Release|Any CPU.ActiveCfg = Release|Any CPU
		{3A0F345D-6F7F-489F-9E26-30495CA90019}.Release|Any CPU.Build.0 = Release|Any CPU
	EndGlobalSection
	GlobalSection(SolutionProperties) = preSolution
		HideSolutionNode = FALSE
	EndGlobalSection
	GlobalSection(NestedProjects) = preSolution
		{2FB08538-2455-45D5-85F0-A49C563E9344} = {2B0B52C7-EA34-4AED-96E2-932ED1862D86}
		{C2C9CCD7-D34A-4F0D-88B9-6CA63D4E5CE5} = {2FB08538-2455-45D5-85F0-A49C563E9344}
		{A8F08375-EF23-4545-9A4F-4364DCD1BC6C} = {2FB08538-2455-45D5-85F0-A49C563E9344}
		{FBC86FEC-1009-417A-89FA-F1BF6D8FC75E} = {2FB08538-2455-45D5-85F0-A49C563E9344}
		{A0F13FE7-C165-444C-A390-A648C47ED461} = {A8F08375-EF23-4545-9A4F-4364DCD1BC6C}
		{9AE3F82B-FA29-4089-A0D3-06C5FDA3F7A6} = {C2C9CCD7-D34A-4F0D-88B9-6CA63D4E5CE5}
		{BB89D9E3-560D-4121-B1C5-7A517CE60806} = {FBC86FEC-1009-417A-89FA-F1BF6D8FC75E}
		{FC32DE34-327C-493D-A256-0448A853A5BF} = {2B0B52C7-EA34-4AED-96E2-932ED1862D86}
		{0B04E50D-5BF8-4CC1-AD58-D5DF0A97AF95} = {FC32DE34-327C-493D-A256-0448A853A5BF}
		{56077AD0-DCD7-44CA-ABE4-A94C06DD69DF} = {FC32DE34-327C-493D-A256-0448A853A5BF}
		{5C82FD23-DCF9-498A-84BE-4A7242B967F6} = {FC32DE34-327C-493D-A256-0448A853A5BF}
		{8E4A26DA-81E8-4AF1-9E29-F3FC840315F3} = {56077AD0-DCD7-44CA-ABE4-A94C06DD69DF}
		{B5B095CF-4A83-40DA-AEBB-F02642849EF9} = {0B04E50D-5BF8-4CC1-AD58-D5DF0A97AF95}
		{6AA39623-ED3D-4B4A-B160-E712284D28AD} = {5C82FD23-DCF9-498A-84BE-4A7242B967F6}
		{442FA568-908B-4E5F-9C5D-2C8123C87E0E} = {67B321FD-AC31-4FE4-A5C2-CF49D5DF07BB}
		{6EDDAF0C-8903-4D7C-A426-FFD53C818D38} = {442FA568-908B-4E5F-9C5D-2C8123C87E0E}
		{D7F21E03-7BC0-4EC3-9FFB-EEFBBFED17F4} = {442FA568-908B-4E5F-9C5D-2C8123C87E0E}
		{BDA43876-4D52-4AB6-A5ED-8E68BBE44CF8} = {442FA568-908B-4E5F-9C5D-2C8123C87E0E}
		{F9B866BC-A773-43A1-B7BE-83958D69869C} = {6EDDAF0C-8903-4D7C-A426-FFD53C818D38}
		{64112C0D-4106-4FE8-B80F-6669163F2BCD} = {D7F21E03-7BC0-4EC3-9FFB-EEFBBFED17F4}
		{3A0F345D-6F7F-489F-9E26-30495CA90019} = {BDA43876-4D52-4AB6-A5ED-8E68BBE44CF8}
	EndGlobalSection
	GlobalSection(ExtensibilityGlobals) = postSolution
		SolutionGuid = {5FDE98E3-0BDD-4641-84AA-750582A12F08}
	EndGlobalSection
EndGlobal
